
Microsoft Visual Studio Solution File, Format Version 12.00
# Visual Studio Version 17
VisualStudioVersion = 17.6.33815.320
MinimumVisualStudioVersion = 10.0.40219.1
Project("{FAE04EC0-301F-11D3-BF4B-00C04F79EFBC}") = "Cellm", "Cellm.csproj", "{60B6BE79-F574-460C-92D0-972449034C79}"
EndProject
Global
	GlobalSection(SolutionConfigurationPlatforms) = preSolution
		Debug|Any CPU = Debug|Any CPU
		Release|Any CPU = Release|Any CPU
	EndGlobalSection
	GlobalSection(ProjectConfigurationPlatforms) = postSolution
		{60B6BE79-F574-460C-92D0-972449034C79}.Debug|Any CPU.ActiveCfg = Debug|Any CPU
		{60B6BE79-F574-460C-92D0-972449034C79}.Debug|Any CPU.Build.0 = Debug|Any CPU
		{60B6BE79-F574-460C-92D0-972449034C79}.Release|Any CPU.ActiveCfg = Release|Any CPU
		{60B6BE79-F574-460C-92D0-972449034C79}.Release|Any CPU.Build.0 = Release|Any CPU
	EndGlobalSection
	GlobalSection(SolutionProperties) = preSolution
		HideSolutionNode = FALSE
	EndGlobalSection
	GlobalSection(ExtensibilityGlobals) = postSolution
		SolutionGuid = {C24F558E-F73B-4683-9C1F-68CF5AC7FC0F}
	EndGlobalSection
EndGlobal
