{
  "version": 1,
  "dependencies": {
    "net9.0-windows7.0": {
      "Anthropic": {
        "type": "Direct",
        "requested": "[12.11.0, )",
        "resolved": "12.11.0",
        "contentHash": "cwWxqnxZrFIyh9q/7gq37KvaUcdll4gBpmfLFI+G1nS2/4JbRGP7OgC9zMal9y/ALmwwNAycAHsDvE8c1xHLNg==",
        "dependencies": {
          "Microsoft.Extensions.AI.Abstractions": "10.4.0",
          "System.Net.ServerSentEvents": "10.0.1",
          "System.Text.Json": "10.0.4"
        }
      },
      "AWSSDK.Extensions.Bedrock.MEAI": {
        "type": "Direct",
        "requested": "[4.0.6.6, )",
        "resolved": "4.0.6.6",
        "contentHash": "bOqVxtcYV/pz4e/sOClK1Zud377o/2jo3J2Sy9V1XgKXoQHCmDyFHPvX/IJqH6Ic4P8znDaTLXg7j3NzQm6NFQ==",
        "dependencies": {
          "AWSSDK.BedrockRuntime": "4.0.16.8",
          "AWSSDK.Core": "4.0.3.26",
          "Microsoft.Extensions.AI.Abstractions": "9.9.1"
        }
      },
      "ExcelDna.AddIn": {
        "type": "Direct",
        "requested": "[1.9.0, )",
        "resolved": "1.9.0",
        "contentHash": "+jxXXswl6ds2ZGTwsuKWwO8crfzqvBFqd/t3PmEtg2YR6EN9F2pA97hiXblckhWZ6AKBlSGEC/ONTrCON2O33A==",
        "dependencies": {
          "ExcelDna.Integration": "[1.9.0]"
        }
      },
      "ExcelDna.Interop": {
        "type": "Direct",
        "requested": "[15.0.1, )",
        "resolved": "15.0.1",
        "contentHash": "CIKPXlw+6C6v2Em8DVFgkTsrMZoz978CtSG722+dwHi3Tt7JTxQ2BmmBH4yJuzcA9EaOC5AMEmioLkLsvhESQw=="
      },
      "Google.GenAI": {
        "type": "Direct",
        "requested": "[1.6.1, )",
        "resolved": "1.6.1",
        "contentHash": "ydKqbLdf1JF6hh49OM1cOOz9/CeAF1ZQ9dcA4KZaJKpACb9oxucGWAIciWvNC/Cci0rnMA8qn4o/3pw5Yy/EOg==",
        "dependencies": {
          "Google.Apis.Auth": "1.69.0",
          "Microsoft.Extensions.AI.Abstractions": "10.4.0",
          "MimeTypes": "2.5.2"
        }
      },
      "MediatR": {
        "type": "Direct",
        "requested": "[14.1.0, )",
        "resolved": "14.1.0",
        "contentHash": "pdxza1pLqAk+06LV3THzNJrw5K5Ah6EC17TEkoC90gsAxwtXDJAQrGuDSDinHGgxWKWEn5ebqTNN3k1bLJOb0g==",
        "dependencies": {
          "MediatR.Contracts": "[2.0.1, 3.0.0)",
          "Microsoft.Extensions.DependencyInjection.Abstractions": "10.0.0",
          "Microsoft.Extensions.Logging.Abstractions": "10.0.0",
          "Microsoft.IdentityModel.JsonWebTokens": "8.14.0"
        }
      },
      "Microsoft.Extensions.AI": {
        "type": "Direct",
        "requested": "[10.5.0, )",
        "resolved": "10.5.0",
        "contentHash": "UwUYEUqB7v74IYFRzPmjiN0i6JvHFC2P5laO5ZV2LvDRuz84+16XIkMVwT8nKyHJHT2gWOqywiTMC2pa50IrTA==",
        "dependencies": {
          "Microsoft.Extensions.AI.Abstractions": "10.5.0",
          "Microsoft.Extensions.Caching.Abstractions": "10.0.6",
          "Microsoft.Extensions.DependencyInjection.Abstractions": "10.0.6",
          "Microsoft.Extensions.Logging.Abstractions": "10.0.6",
          "System.Diagnostics.DiagnosticSource": "10.0.6",
          "System.Numerics.Tensors": "10.0.6",
          "System.Text.Json": "10.0.6",
          "System.Threading.Channels": "10.0.6"
        }
      },
      "Microsoft.Extensions.AI.Abstractions": {
        "type": "Direct",
        "requested": "[10.5.0, )",
        "resolved": "10.5.0",
        "contentHash": "bb2wQ1HGatf5zdBxE28zrN4jaEVmpC+IJYChcqABTfu77YtFcJe/A4ZChjVZ0V1OF+UPYSOY8mUDI/fwEljcIA==",
        "dependencies": {
          "System.Text.Json": "10.0.6"
        }
      },
      "Microsoft.Extensions.AI.AzureAIInference": {
        "type": "Direct",
        "requested": "[9.5.0-preview.1.25265.7, )",
        "resolved": "9.5.0-preview.1.25265.7",
        "contentHash": "RSC/jDyRotlCdqokJlyIv617jxP9TNUMeD87W5RP8vaYdwr0ZE0cd2wkCs/1QQ6J93vOuNcBkyCxPxWI2na28g==",
        "dependencies": {
          "Azure.AI.Inference": "1.0.0-beta.4",
          "Microsoft.Extensions.AI.Abstractions": "9.5.0",
          "System.Memory.Data": "9.0.5",
          "System.Text.Json": "9.0.5"
        }
      },
      "Microsoft.Extensions.AI.OpenAI": {
        "type": "Direct",
        "requested": "[10.4.1, )",
        "resolved": "10.4.1",
        "contentHash": "C+xo+ds4PxSzTEywLcM0hbJJboEuLT5na/Q49rMNi3Y0hsoBuMXIZCvWXOyvNXunvngOwZYvkicEod/g8Gll6w==",
        "dependencies": {
          "Microsoft.Extensions.AI.Abstractions": "10.4.1",
          "OpenAI": "2.9.1",
          "System.Text.Json": "10.0.4"
        }
      },
      "Microsoft.Extensions.Caching.Hybrid": {
        "type": "Direct",
        "requested": "[10.4.0, )",
        "resolved": "10.4.0",
        "contentHash": "4V+aMLQeU/p4VcIWIcvGro0L6HynmL2TrelL04Ce1iotP6T5+kjxuZQvl6P1ObSXIRPCbVXtQSt1NxK0fRIuag==",
        "dependencies": {
          "Microsoft.Extensions.Caching.Abstractions": "10.0.4",
          "Microsoft.Extensions.Caching.Memory": "10.0.4",
          "Microsoft.Extensions.Logging.Abstractions": "10.0.4",
          "Microsoft.Extensions.Options": "10.0.4"
        }
      },
      "Microsoft.Extensions.Compliance.Redaction": {
        "type": "Direct",
        "requested": "[10.4.0, )",
        "resolved": "10.4.0",
        "contentHash": "Qpp0c8PGlAJPg6VypoLDoXkja77mXq6UVmSd7v9wsuSPEHH7Ccq2ygBLqJxOyA5/3v9wHbhthVcZzJDPsjH79A==",
        "dependencies": {
          "Microsoft.Extensions.Compliance.Abstractions": "10.4.0",
          "Microsoft.Extensions.Options.ConfigurationExtensions": "9.0.14"
        }
      },
      "Microsoft.Extensions.Configuration": {
        "type": "Direct",
        "requested": "[10.0.5, )",
        "resolved": "10.0.5",
        "contentHash": "8Rx5sqg04FttxrumyG6bmoRuFRgYzK6IVwF1i0/o0cXfKBdDeVpJejKHtJCMjyg9E/DNMVqpqOGe/tCT5gYvVA==",
        "dependencies": {
          "Microsoft.Extensions.Configuration.Abstractions": "10.0.5",
          "Microsoft.Extensions.Primitives": "10.0.5"
        }
      },
      "Microsoft.Extensions.Configuration.Abstractions": {
        "type": "Direct",
        "requested": "[10.0.5, )",
        "resolved": "10.0.5",
        "contentHash": "P09QpTHjqHmCLQOTC+WyLkoRNxek4NIvfWt+TnU0etoDUSRxcltyd6+j/ouRbMdLR0j44GqGO+lhI2M4fAHG4g==",
        "dependencies": {
          "Microsoft.Extensions.Primitives": "10.0.5"
        }
      },
      "Microsoft.Extensions.Configuration.Json": {
        "type": "Direct",
        "requested": "[10.0.5, )",
        "resolved": "10.0.5",
        "contentHash": "brBM/WP0YAUYh2+QqSYVdK8eQHYQTtTEUJXJ+84Zkdo2buGLja9VSrMIhgoeBUU7JBmcskAib8Lb/N83bvxgYQ==",
        "dependencies": {
          "Microsoft.Extensions.Configuration": "10.0.5",
          "Microsoft.Extensions.Configuration.Abstractions": "10.0.5",
          "Microsoft.Extensions.Configuration.FileExtensions": "10.0.5",
          "Microsoft.Extensions.FileProviders.Abstractions": "10.0.5",
          "System.Text.Json": "10.0.5"
        }
      },
      "Microsoft.Extensions.DependencyInjection": {
        "type": "Direct",
        "requested": "[10.0.5, )",
        "resolved": "10.0.5",
        "contentHash": "v1SVsowG6YE1YnHVGmLWz57YTRCQRx9pH5ebIESXfm5isI9gA3QaMyg/oMTzPpXYZwSAVDzYItGJKfmV+pqXkQ==",
        "dependencies": {
          "Microsoft.Extensions.DependencyInjection.Abstractions": "10.0.5"
        }
      },
      "Microsoft.Extensions.FileSystemGlobbing": {
        "type": "Direct",
        "requested": "[10.0.5, )",
        "resolved": "10.0.5",
        "contentHash": "mOE3ARusNQR0a5x8YOcnUbfyyXGqoAWQtEc7qFOfNJgruDWQLo39Re+3/Lzj5pLPFuFYj8hN4dgKzaSQDKiOCw=="
      },
      "Microsoft.Extensions.Http": {
        "type": "Direct",
        "requested": "[10.0.5, )",
        "resolved": "10.0.5",
        "contentHash": "AiFvHYM8nP0wPC7bGPI3NHQlSYSLqjjT7DMJUuuxhd+7pz3O89iu2gdQfgACy5DxsXENiok5i1bMacJL7KR8jA==",
        "dependencies": {
          "Microsoft.Extensions.Configuration.Abstractions": "10.0.5",
          "Microsoft.Extensions.DependencyInjection.Abstractions": "10.0.5",
          "Microsoft.Extensions.Diagnostics": "10.0.5",
          "Microsoft.Extensions.Logging": "10.0.5",
          "Microsoft.Extensions.Logging.Abstractions": "10.0.5",
          "Microsoft.Extensions.Options": "10.0.5"
        }
      },
      "Microsoft.Extensions.Http.Resilience": {
        "type": "Direct",
        "requested": "[10.4.0, )",
        "resolved": "10.4.0",
        "contentHash": "HbkUsPUC7vLy2TaDbdA9aooW64n9yX4sUppRuiJ1cOzzU1FUW+MVEotm6kYVq6AuUI9xwFSBhRFzA03blmk3VA==",
        "dependencies": {
          "Microsoft.Extensions.Http.Diagnostics": "10.4.0",
          "Microsoft.Extensions.ObjectPool": "9.0.14",
          "Microsoft.Extensions.Resilience": "10.4.0"
        }
      },
      "Microsoft.Extensions.Logging": {
        "type": "Direct",
        "requested": "[10.0.5, )",
        "resolved": "10.0.5",
        "contentHash": "+XTMKQyDWg4ODoNHU/BN3BaI1jhGO7VCS+BnzT/4IauiG6y2iPAte7MyD7rHKS+hNP0TkFkjrae8DFjDUxtcxg==",
        "dependencies": {
          "Microsoft.Extensions.DependencyInjection": "10.0.5",
          "Microsoft.Extensions.Logging.Abstractions": "10.0.5",
          "Microsoft.Extensions.Options": "10.0.5"
        }
      },
      "Microsoft.Extensions.Logging.Console": {
        "type": "Direct",
        "requested": "[10.0.5, )",
        "resolved": "10.0.5",
        "contentHash": "PMs2gha2v24hvH5o5KQem5aNK4mN0BhhCWlMqsg9tzifWKzjeQi2tyPOP/RaWMVvalOhVLcrmoMYPqbnia/epg==",
        "dependencies": {
          "Microsoft.Extensions.DependencyInjection.Abstractions": "10.0.5",
          "Microsoft.Extensions.Logging": "10.0.5",
          "Microsoft.Extensions.Logging.Abstractions": "10.0.5",
          "Microsoft.Extensions.Logging.Configuration": "10.0.5",
          "Microsoft.Extensions.Options": "10.0.5",
          "System.Text.Json": "10.0.5"
        }
      },
      "Microsoft.Extensions.Logging.Debug": {
        "type": "Direct",
        "requested": "[10.0.5, )",
        "resolved": "10.0.5",
        "contentHash": "/VacEkBQ02A8PBXSa6YpbIXCuisYy6JJr62/+ANJDZE+RMBfZMcXJXLfr/LpyLE6pgdp17Wxlt7e7R9zvkwZ3Q==",
        "dependencies": {
          "Microsoft.Extensions.DependencyInjection.Abstractions": "10.0.5",
          "Microsoft.Extensions.Logging": "10.0.5",
          "Microsoft.Extensions.Logging.Abstractions": "10.0.5"
        }
      },
      "Microsoft.Extensions.Options": {
        "type": "Direct",
        "requested": "[10.0.5, )",
        "resolved": "10.0.5",
        "contentHash": "MDaQMdUplw0AIRhWWmbLA7yQEXaLIHb+9CTroTiNS8OlI0LMXS4LCxtopqauiqGCWlRgJ+xyraVD8t6veRAFbw==",
        "dependencies": {
          "Microsoft.Extensions.DependencyInjection.Abstractions": "10.0.5",
          "Microsoft.Extensions.Primitives": "10.0.5"
        }
      },
      "Microsoft.Extensions.Options.ConfigurationExtensions": {
        "type": "Direct",
        "requested": "[10.0.5, )",
        "resolved": "10.0.5",
        "contentHash": "BB9uUW3+6Rxu1R97OB1H/13lUF8P2+H1+eDhpZlK30kDh/6E4EKHBUqTp+ilXQmZLzsRErxON8aBSR6WpUKJdg==",
        "dependencies": {
          "Microsoft.Extensions.Configuration.Abstractions": "10.0.5",
          "Microsoft.Extensions.Configuration.Binder": "10.0.5",
          "Microsoft.Extensions.DependencyInjection.Abstractions": "10.0.5",
          "Microsoft.Extensions.Options": "10.0.5",
          "Microsoft.Extensions.Primitives": "10.0.5"
        }
      },
      "ModelContextProtocol": {
        "type": "Direct",
        "requested": "[1.2.0, )",
        "resolved": "1.2.0",
        "contentHash": "8lHIp8EY8faMFwDL+JynpFOeFZdsEE/Kxq8XMVfaA+RmQyNWjoWyvNXNQtWzVq+lDUlHLBx0ozerByNfcrciCw==",
        "dependencies": {
          "Microsoft.Extensions.Caching.Abstractions": "10.0.5",
          "Microsoft.Extensions.Hosting.Abstractions": "10.0.5",
          "ModelContextProtocol.Core": "1.2.0"
        }
      },
      "OllamaSharp": {
        "type": "Direct",
        "requested": "[5.4.25, )",
        "resolved": "5.4.25",
        "contentHash": "EqkPM1gbkE+RbHgKUMzp4lYjpFymWUIgJntx3u4uDXAfAIFUXJ0MGklNFCi/PdCaxNAPRpcf205yx+g6jLLhZg==",
        "dependencies": {
          "Microsoft.Extensions.AI.Abstractions": "10.4.1"
        }
      },
      "PdfPig": {
        "type": "Direct",
        "requested": "[0.1.14, )",
        "resolved": "0.1.14",
        "contentHash": "V2Anq0Yvyn3bGGG8WCQxqEAshG0KHIehB0QOotCz14vTkEk1PR3ErPOSmbnEsyOewhdF3G5XpQHywK2L50Xu+A=="
      },
      "Sentry.Extensions.Logging": {
        "type": "Direct",
        "requested": "[6.3.0, )",
        "resolved": "6.3.0",
        "contentHash": "ktCsDYeM1lygBvJ9nMuNgwGuXAsjTx3Nzz9togTrgwU00p4IWdZyy0+hI1GbQTqyXjd3L6VszawqUa9Bq+3Pvg==",
        "dependencies": {
          "Microsoft.Extensions.Configuration.Binder": "9.0.0",
          "Microsoft.Extensions.Http": "9.0.0",
          "Microsoft.Extensions.Logging.Configuration": "9.0.0",
          "Sentry": "6.3.0"
        }
      },
      "Sentry.Profiling": {
        "type": "Direct",
        "requested": "[6.3.0, )",
        "resolved": "6.3.0",
        "contentHash": "c/ZC7Zae1KkJDQnF3GFWYwrV9DsGiYpY6fHq88ZP3do4/hTV2BjZmOYu8DlkkCw2YL0mXQO82PedicYNcLJLKg==",
        "dependencies": {
          "Microsoft.Diagnostics.NETCore.Client": "0.2.510501",
          "Sentry": "6.3.0"
        }
      },
      "Serilog.Extensions.Logging": {
        "type": "Direct",
        "requested": "[10.0.0, )",
        "resolved": "10.0.0",
        "contentHash": "vx0kABKl2dWbBhhqAfTOk53/i8aV/5VaT3a6il9gn72Wqs2pM7EK2OB6No6xdqK2IaY6Zf9gdjLuK9BVa2rT+Q==",
        "dependencies": {
          "Microsoft.Extensions.Logging": "10.0.0",
          "Serilog": "4.2.0"
        }
      },
      "Serilog.Sinks.File": {
        "type": "Direct",
        "requested": "[7.0.0, )",
        "resolved": "7.0.0",
        "contentHash": "fKL7mXv7qaiNBUC71ssvn/dU0k9t0o45+qm2XgKAlSt19xF+ijjxyA3R6HmCgfKEKwfcfkwWjayuQtRueZFkYw==",
        "dependencies": {
          "Serilog": "4.2.0"
        }
      },
      "Svg": {
        "type": "Direct",
        "requested": "[3.4.7, )",
        "resolved": "3.4.7",
        "contentHash": "Omez7ly5BGhg3OzdV+LHZ5sI0+JQ6hF7WVKUeyHw4jRvcEWNCPCf1MWMBaf+R0DRBSZHx5EUHwBTEF+2oYtsAw==",
        "dependencies": {
          "ExCSS": "4.2.3",
          "System.Drawing.Common": "5.0.3"
        }
      },
      "System.Net.Http.Json": {
        "type": "Direct",
        "requested": "[10.0.5, )",
        "resolved": "10.0.5",
        "contentHash": "mubZKRlVsodlrTHorb+DKYLAkORDh9iAwo0Qf5+44cR1nS0G0nHbaMFcjKodbfirpcU2MgGMP5qlVA+BHGLmKA==",
        "dependencies": {
          "System.Text.Json": "10.0.5"
        }
      },
      "AWSSDK.BedrockRuntime": {
        "type": "Transitive",
        "resolved": "4.0.16.8",
        "contentHash": "tYfAZxm/lqiZOoIEMCg+zf5OuudKfAUTUvw1NH3b4Ki5B4bM4rEX9N/CmZpSfL6aSv3QVBabhRmrgLaJcxa86w==",
        "dependencies": {
          "AWSSDK.Core": "[4.0.3.26, 5.0.0)"
        }
      },
      "AWSSDK.Core": {
        "type": "Transitive",
        "resolved": "4.0.3.26",
        "contentHash": "2iVc7MZCbq2KY8vkxs+C+xbJavG9X3JvnVkQxVlxkKyCWeQuQGJCI+w+p6RXrKYMpP2AaGLIPFBR0hLDRw59bQ=="
      },
      "Azure.AI.Inference": {
        "type": "Transitive",
        "resolved": "1.0.0-beta.4",
        "contentHash": "HNiPXhBoCDLTq1IX9wrqXKYwy8ON+U0nSHkba7qxFRXjMKCqA9WiQIHbnoO5i6Oet2/qbDkRDWjjnmQQJKdqsw==",
        "dependencies": {
          "Azure.Core": "1.44.1",
          "System.ClientModel": "1.4.0-beta.1"
        }
      },
      "Azure.Core": {
        "type": "Transitive",
        "resolved": "1.44.1",
        "contentHash": "YyznXLQZCregzHvioip07/BkzjuWNXogJEVz9T5W6TwjNr17ax41YGzYMptlo2G10oLCuVPoyva62y0SIRDixg==",
        "dependencies": {
          "Microsoft.Bcl.AsyncInterfaces": "6.0.0",
          "System.ClientModel": "1.1.0",
          "System.Diagnostics.DiagnosticSource": "6.0.1",
          "System.Memory.Data": "6.0.0",
          "System.Numerics.Vectors": "4.5.0",
          "System.Text.Encodings.Web": "6.0.0",
          "System.Text.Json": "6.0.10",
          "System.Threading.Tasks.Extensions": "4.5.4"
        }
      },
      "ExcelDna.Integration": {
        "type": "Transitive",
        "resolved": "1.9.0",
        "contentHash": "A1nbeRWa+rg3RoO9NV9iqNwQxWb9eVNG+Ki3uCfo8D3U8CT11/fzTIvVT3y2LoCTzqRIPwTysqp9sj42MKYw5Q=="
      },
      "ExCSS": {
        "type": "Transitive",
        "resolved": "4.2.3",
        "contentHash": "SyeAfu2wL5247sipJoPUzQfjiwQtfSd8hN4IbgoyVcDx4PP6Dud4znwPRibWQzLtTlUxYYcbf5f4p+EfFC7KtQ=="
      },
      "Google.Apis": {
        "type": "Transitive",
        "resolved": "1.69.0",
        "contentHash": "1TfjsXFejwIf7iWaE7A0FbnOEsk8FPlbdFAt1r+I8aSMQfLLdSVWCLdZz6TzuWVwoCGEuJUHTZ/FXdptdU3qWw==",
        "dependencies": {
          "Google.Apis.Core": "1.69.0"
        }
      },
      "Google.Apis.Auth": {
        "type": "Transitive",
        "resolved": "1.69.0",
        "contentHash": "ar07yxn/s41jdqQ3sMh8EAehiSvXQ9yE1MS4McmZINeSWvolnLHmIZ9Yxj4tHVIYYz0c7H/lpToVqm7C2aYx9g==",
        "dependencies": {
          "Google.Apis": "1.69.0",
          "Google.Apis.Core": "1.69.0",
          "System.Management": "7.0.2"
        }
      },
      "Google.Apis.Core": {
        "type": "Transitive",
        "resolved": "1.69.0",
        "contentHash": "SXUcurNUPxYMtOnawvB2Av18VrPBC9W7So9q9ikmXIXLGiv4RX7Zbu4kc+8PbwTdd8wLt54r0PBGOT5RaKoTjQ==",
        "dependencies": {
          "Newtonsoft.Json": "13.0.3"
        }
      },
      "MediatR.Contracts": {
        "type": "Transitive",
        "resolved": "2.0.1",
        "contentHash": "FYv95bNT4UwcNA+G/J1oX5OpRiSUxteXaUt2BJbRSdRNiIUNbggJF69wy6mnk2wYToaanpdXZdCwVylt96MpwQ=="
      },
      "Microsoft.Bcl.AsyncInterfaces": {
        "type": "Transitive",
        "resolved": "6.0.0",
        "contentHash": "UcSjPsst+DfAdJGVDsu346FX0ci0ah+lw3WRtn18NUwEqRt70HaOQ7lI72vy3+1LxtqI3T5GWwV39rQSrCzAeg=="
      },
      "Microsoft.Diagnostics.NETCore.Client": {
        "type": "Transitive",
        "resolved": "0.2.510501",
        "contentHash": "juoqJYMDs+lRrrZyOkXXMImJHneCF23cuvO4waFRd2Ds7j+ZuGIPbJm0Y/zz34BdeaGiiwGWraMUlln05W1PCQ==",
        "dependencies": {
          "Microsoft.Extensions.Logging": "6.0.0"
        }
      },
      "Microsoft.Extensions.AmbientMetadata.Application": {
        "type": "Transitive",
        "resolved": "10.4.0",
        "contentHash": "bovnONzrr/JIc+w343i857rJEb7cQH9UzEjbV5n67agWBEYICGQb8xiqYz5+GoFXp6mKEKLwYCQGttMU1p5yXQ==",
        "dependencies": {
          "Microsoft.Extensions.Configuration": "9.0.14",
          "Microsoft.Extensions.Hosting.Abstractions": "9.0.14",
          "Microsoft.Extensions.Options.ConfigurationExtensions": "9.0.14"
        }
      },
      "Microsoft.Extensions.Caching.Abstractions": {
        "type": "Transitive",
        "resolved": "10.0.6",
        "contentHash": "Ilr690V+E1H116ncF00KIlvRloKXBdCExaNqcT9BvCcS5nFGR1pcTamSA2EI8pOXbNp0DHZm8K8h6Wl1hMSbIQ==",
        "dependencies": {
          "Microsoft.Extensions.Primitives": "10.0.6"
        }
      },
      "Microsoft.Extensions.Caching.Memory": {
        "type": "Transitive",
        "resolved": "10.0.4",
        "contentHash": "CLLussNUMdSbyJOu4VBF7sqskHGB/5N1EcFzrqG/HsPATN8fCRUcfp0qns1VwkxKHwxrtYCh5FKe+kM81Q1PHA==",
        "dependencies": {
          "Microsoft.Extensions.Caching.Abstractions": "10.0.4",
          "Microsoft.Extensions.DependencyInjection.Abstractions": "10.0.4",
          "Microsoft.Extensions.Logging.Abstractions": "10.0.4",
          "Microsoft.Extensions.Options": "10.0.4",
          "Microsoft.Extensions.Primitives": "10.0.4"
        }
      },
      "Microsoft.Extensions.Compliance.Abstractions": {
        "type": "Transitive",
        "resolved": "10.4.0",
        "contentHash": "4WkknDbVrHNf+S6fwSt1OAXlGJ/G/QrtJlqx4aNzOLmeT3GRyxpGLZn+Q3UV+RMRAF6FfsijEZBg2ZAW8bTAkg==",
        "dependencies": {
          "Microsoft.Extensions.DependencyInjection.Abstractions": "9.0.14",
          "Microsoft.Extensions.ObjectPool": "9.0.14"
        }
      },
      "Microsoft.Extensions.Configuration.Binder": {
        "type": "Transitive",
        "resolved": "10.0.5",
        "contentHash": "99Z4rjyXopb1MIazDSPcvwYCUdYNO01Cf1GUs2WUjIFAbkGmwzj2vPa2k+3pheJRV+YgNd2QqRKHAri0oBAU4Q==",
        "dependencies": {
          "Microsoft.Extensions.Configuration": "10.0.5",
          "Microsoft.Extensions.Configuration.Abstractions": "10.0.5"
        }
      },
      "Microsoft.Extensions.Configuration.FileExtensions": {
        "type": "Transitive",
        "resolved": "10.0.5",
        "contentHash": "OhTr0O79dP49734lLTqVveivVX9sDXxbI/8vjELAZTHXqoN90mdpgTAgwicJED42iaHMCcZcK6Bj+8wNyBikaw==",
        "dependencies": {
          "Microsoft.Extensions.Configuration": "10.0.5",
          "Microsoft.Extensions.Configuration.Abstractions": "10.0.5",
          "Microsoft.Extensions.FileProviders.Abstractions": "10.0.5",
          "Microsoft.Extensions.FileProviders.Physical": "10.0.5",
          "Microsoft.Extensions.Primitives": "10.0.5"
        }
      },
      "Microsoft.Extensions.DependencyInjection.Abstractions": {
        "type": "Transitive",
        "resolved": "10.0.6",
        "contentHash": "w+dX4SIr1X9yegX2yX2dU1XtP4JAUVNdvOG/Evn+H+ndn96YzfIPX52FALXChrRNWFR9l77FQyg1mB7WQo6iOA=="
      },
      "Microsoft.Extensions.DependencyInjection.AutoActivation": {
        "type": "Transitive",
        "resolved": "10.4.0",
        "contentHash": "ksmUG2SFTcXzYdyoLOdeSM/qYLRGN6qbbSzYVkwMK9xsctfR1hYkUayeOpFCMd7L+QSlYX72mK9wxwdgQxyS4g==",
        "dependencies": {
          "Microsoft.Extensions.Hosting.Abstractions": "9.0.14"
        }
      },
      "Microsoft.Extensions.Diagnostics": {
        "type": "Transitive",
        "resolved": "10.0.5",
        "contentHash": "vAJHd4yOpmKoK+jBuYV7a3y+Ab9U4ARCc29b6qvMy276RgJFw9LFs0DdsPqOL3ahwzyrX7tM+i4cCxU/RX0qAg==",
        "dependencies": {
          "Microsoft.Extensions.Configuration": "10.0.5",
          "Microsoft.Extensions.Diagnostics.Abstractions": "10.0.5",
          "Microsoft.Extensions.Options.ConfigurationExtensions": "10.0.5"
        }
      },
      "Microsoft.Extensions.Diagnostics.Abstractions": {
        "type": "Transitive",
        "resolved": "10.0.5",
        "contentHash": "/nYGrpa9/0BZofrVpBbbj+Ns8ZesiPE0V/KxsuHgDgHQopIzN54nRaQGSuvPw16/kI9sW1Zox5yyAPqvf0Jz6A==",
        "dependencies": {
          "Microsoft.Extensions.DependencyInjection.Abstractions": "10.0.5",
          "Microsoft.Extensions.Options": "10.0.5",
          "System.Diagnostics.DiagnosticSource": "10.0.5"
        }
      },
      "Microsoft.Extensions.Diagnostics.ExceptionSummarization": {
        "type": "Transitive",
        "resolved": "10.4.0",
        "contentHash": "1/hQmONMWxRTKXuN0pQShQN9QsqIRTS1G4fdmKW0O9phuVZjyzIROQD9Fbfwyn2t+yvP8SzjatGAPX4jDRfgHg==",
        "dependencies": {
          "Microsoft.Extensions.DependencyInjection.Abstractions": "9.0.14"
        }
      },
      "Microsoft.Extensions.FileProviders.Abstractions": {
        "type": "Transitive",
        "resolved": "10.0.5",
        "contentHash": "nCBmCx0Xemlu65ZiWMcXbvfvtznKxf4/YYKF9R28QkqdI9lTikedGqzJ28/xmdGGsxUnsP5/3TQGpiPwVjK0dA==",
        "dependencies": {
          "Microsoft.Extensions.Primitives": "10.0.5"
        }
      },
      "Microsoft.Extensions.FileProviders.Physical": {
        "type": "Transitive",
        "resolved": "10.0.5",
        "contentHash": "dMu5kUPSfol1Rqhmr6nWPSmbFjDe9w6bkoKithG17bWTZA0UyKirTatM5mqYUN3mGpNA0MorlusIoVTh6J7o5g==",
        "dependencies": {
          "Microsoft.Extensions.FileProviders.Abstractions": "10.0.5",
          "Microsoft.Extensions.FileSystemGlobbing": "10.0.5",
          "Microsoft.Extensions.Primitives": "10.0.5"
        }
      },
      "Microsoft.Extensions.Hosting.Abstractions": {
        "type": "Transitive",
        "resolved": "10.0.5",
        "contentHash": "+Wb7KAMVZTomwJkQrjuPTe5KBzGod7N8XeG+ScxRlkPOB4sZLG4ccVwjV4Phk5BCJt7uIMnGHVoN6ZMVploX+g==",
        "dependencies": {
          "Microsoft.Extensions.Configuration.Abstractions": "10.0.5",
          "Microsoft.Extensions.DependencyInjection.Abstractions": "10.0.5",
          "Microsoft.Extensions.Diagnostics.Abstractions": "10.0.5",
          "Microsoft.Extensions.FileProviders.Abstractions": "10.0.5",
          "Microsoft.Extensions.Logging.Abstractions": "10.0.5"
        }
      },
      "Microsoft.Extensions.Http.Diagnostics": {
        "type": "Transitive",
        "resolved": "10.4.0",
        "contentHash": "ybx2QcCWROCnUCbSj/IyHXn1c58brjjHzTTbueKgBl/qHsWk69mu25mjQ3oaMsO1I0+EcS6AhVuhIopL2q3IDw==",
        "dependencies": {
          "Microsoft.Extensions.Http": "9.0.14",
          "Microsoft.Extensions.Telemetry": "10.4.0"
        }
      },
      "Microsoft.Extensions.Logging.Abstractions": {
        "type": "Transitive",
        "resolved": "10.0.6",
        "contentHash": "1YgBO3wAy0dlpQyVTKWBSPND/t0yZHsvd3shGpbeEwH8JSb2hnFI2pNFrOOUi/stsp+T/dqwqmRIGh47ibo9bw==",
        "dependencies": {
          "Microsoft.Extensions.DependencyInjection.Abstractions": "10.0.6",
          "System.Diagnostics.DiagnosticSource": "10.0.6"
        }
      },
      "Microsoft.Extensions.Logging.Configuration": {
        "type": "Transitive",
        "resolved": "10.0.5",
        "contentHash": "cSgxsDgfP0+gmVRPVoNHI/KIDavIZxh+CxE6tSLPlYTogqccDnjBFI9CgEsiNuMP6+fiuXUwhhlTz36uUEpwbQ==",
        "dependencies": {
          "Microsoft.Extensions.Configuration": "10.0.5",
          "Microsoft.Extensions.Configuration.Abstractions": "10.0.5",
          "Microsoft.Extensions.Configuration.Binder": "10.0.5",
          "Microsoft.Extensions.DependencyInjection.Abstractions": "10.0.5",
          "Microsoft.Extensions.Logging": "10.0.5",
          "Microsoft.Extensions.Logging.Abstractions": "10.0.5",
          "Microsoft.Extensions.Options": "10.0.5",
          "Microsoft.Extensions.Options.ConfigurationExtensions": "10.0.5"
        }
      },
      "Microsoft.Extensions.ObjectPool": {
        "type": "Transitive",
        "resolved": "9.0.14",
        "contentHash": "/NhaXiCP+trynVbn0SUaH6LS18FoW2fa9w/nD1PjDPEP4FGFLU71BMUQAcMGuthvRlb9R61OO6weM+QLXTcQtA=="
      },
      "Microsoft.Extensions.Primitives": {
        "type": "Transitive",
        "resolved": "10.0.6",
        "contentHash": "L8P21mqaG+CXvPheLndean/cHCOcItJqH8nx+0YQnK7wAiOR0G1IOC418ZSzTMD2D6Gmo0f2M5WR70XtpX2B8g=="
      },
      "Microsoft.Extensions.Resilience": {
        "type": "Transitive",
        "resolved": "10.4.0",
        "contentHash": "41CCbJJPsDWU6NsmKfANHkfT/+KCBlZZqQ1eBoQhhW0xqGCiWmUlMdi2BoaM/GcwKHX5WiQL/IESROmgk0Owfw==",
        "dependencies": {
          "Microsoft.Extensions.Diagnostics": "9.0.14",
          "Microsoft.Extensions.Diagnostics.ExceptionSummarization": "10.4.0",
          "Microsoft.Extensions.Options.ConfigurationExtensions": "9.0.14",
          "Microsoft.Extensions.Telemetry.Abstractions": "10.4.0",
          "Polly.Extensions": "8.4.2",
          "Polly.RateLimiting": "8.4.2"
        }
      },
      "Microsoft.Extensions.Telemetry": {
        "type": "Transitive",
        "resolved": "10.4.0",
        "contentHash": "AbHleTzdpGPjA6RpOjKVHEYx7SoBRnJ2bwAbbPa3aGB7HiVwBmeTJhBGhtIBiuIW0VpKDS8x+bV5iWqpBRIf4w==",
        "dependencies": {
          "Microsoft.Extensions.AmbientMetadata.Application": "10.4.0",
          "Microsoft.Extensions.DependencyInjection.AutoActivation": "10.4.0",
          "Microsoft.Extensions.Logging.Configuration": "9.0.14",
          "Microsoft.Extensions.ObjectPool": "9.0.14",
          "Microsoft.Extensions.Telemetry.Abstractions": "10.4.0"
        }
      },
      "Microsoft.Extensions.Telemetry.Abstractions": {
        "type": "Transitive",
        "resolved": "10.4.0",
        "contentHash": "3b2uVa4voJfLLg39BPCKQS0ZgnpEZFkKf7YmnMVlM5FQJYBPOuePIQdnEK1/Oxd+w3GscxGYuE7IMOXDwixZtQ==",
        "dependencies": {
          "Microsoft.Extensions.Compliance.Abstractions": "10.4.0",
          "Microsoft.Extensions.Logging.Abstractions": "9.0.14",
          "Microsoft.Extensions.ObjectPool": "9.0.14",
          "Microsoft.Extensions.Options": "9.0.14"
        }
      },
      "Microsoft.IdentityModel.Abstractions": {
        "type": "Transitive",
        "resolved": "8.14.0",
        "contentHash": "iwbCpSjD3ehfTwBhtSNEtKPK0ICun6ov7Ibx6ISNA9bfwIyzI2Siwyi9eJFCJBwxowK9xcA1mj+jBWiigeqgcQ=="
      },
      "Microsoft.IdentityModel.JsonWebTokens": {
        "type": "Transitive",
        "resolved": "8.14.0",
        "contentHash": "4jOpiA4THdtpLyMdAb24dtj7+6GmvhOhxf5XHLYWmPKF8ApEnApal1UnJsKO4HxUWRXDA6C4WQVfYyqsRhpNpQ==",
        "dependencies": {
          "Microsoft.IdentityModel.Tokens": "8.14.0"
        }
      },
      "Microsoft.IdentityModel.Logging": {
        "type": "Transitive",
        "resolved": "8.14.0",
        "contentHash": "eqqnemdW38CKZEHS6diA50BV94QICozDZEvSrsvN3SJXUFwVB9gy+/oz76gldP7nZliA16IglXjXTCTdmU/Ejg==",
        "dependencies": {
          "Microsoft.IdentityModel.Abstractions": "8.14.0"
        }
      },
      "Microsoft.IdentityModel.Tokens": {
        "type": "Transitive",
        "resolved": "8.14.0",
        "contentHash": "lKIZiBiGd36k02TCdMHp1KlNWisyIvQxcYJvIkz7P4gSQ9zi8dgh6S5Grj8NNG7HWYIPfQymGyoZ6JB5d1Lo1g==",
        "dependencies": {
          "Microsoft.Extensions.Logging.Abstractions": "8.0.0",
          "Microsoft.IdentityModel.Logging": "8.14.0"
        }
      },
      "Microsoft.NETCore.Platforms": {
        "type": "Transitive",
        "resolved": "5.0.0",
        "contentHash": "VyPlqzH2wavqquTcYpkIIAQ6WdenuKoFN0BdYBbCWsclXacSOHNQn66Gt4z5NBqEYW0FAPm5rlvki9ZiCij5xQ=="
      },
      "Microsoft.Win32.SystemEvents": {
        "type": "Transitive",
        "resolved": "5.0.0",
        "contentHash": "Bh6blKG8VAKvXiLe2L+sEsn62nc1Ij34MrNxepD2OCrS5cpCwQa9MeLyhVQPQ/R4Wlzwuy6wMK8hLb11QPDRsQ==",
        "dependencies": {
          "Microsoft.NETCore.Platforms": "5.0.0"
        }
      },
      "MimeTypes": {
        "type": "Transitive",
        "resolved": "2.5.2",
        "contentHash": "vm4xrNt+i6OVRQ8vhfCcmDIUg3qvjyCTkSTNVTDFohsG6CXEpMaVFkidECL6yRYpHDnz4TqXhDoEQAcnHCu/tw=="
      },
      "ModelContextProtocol.Core": {
        "type": "Transitive",
        "resolved": "1.2.0",
        "contentHash": "x0eQqFKtV30nWP6yVy0d/3RnAKwM14ay1CHnUNb7EpwZEXJJJqjPENYvpzwqi8+8LNMMK/g33WnnLYIf1JGMOg==",
        "dependencies": {
          "Microsoft.Extensions.AI.Abstractions": "10.4.1",
          "Microsoft.Extensions.Logging.Abstractions": "10.0.5",
          "System.Net.ServerSentEvents": "10.0.5"
        }
      },
      "Newtonsoft.Json": {
        "type": "Transitive",
        "resolved": "13.0.3",
        "contentHash": "HrC5BXdl00IP9zeV+0Z848QWPAoCr9P3bDEZguI+gkLcBKAOxix/tLEAAHC+UvDNPv4a2d18lOReHMOagPa+zQ=="
      },
      "OpenAI": {
        "type": "Transitive",
        "resolved": "2.9.1",
        "contentHash": "KPTFYEt1EhrPeIZXGBE+DlutFEpMo/RspqSdUJ3p6pMqsw3NeGJcIja/K0He1j9KyRq8ASfzBgp2biWbNUGnFA==",
        "dependencies": {
          "System.ClientModel": "1.9.0",
          "System.Net.ServerSentEvents": "10.0.2"
        }
      },
      "Polly.Core": {
        "type": "Transitive",
        "resolved": "8.4.2",
        "contentHash": "BpE2I6HBYYA5tF0Vn4eoQOGYTYIK1BlF5EXVgkWGn3mqUUjbXAr13J6fZVbp7Q3epRR8yshacBMlsHMhpOiV3g=="
      },
      "Polly.Extensions": {
        "type": "Transitive",
        "resolved": "8.4.2",
        "contentHash": "GZ9vRVmR0jV2JtZavt+pGUsQ1O1cuRKG7R7VOZI6ZDy9y6RNPvRvXK1tuS4ffUrv8L0FTea59oEuQzgS0R7zSA==",
        "dependencies": {
          "Microsoft.Extensions.Logging.Abstractions": "8.0.0",
          "Microsoft.Extensions.Options": "8.0.0",
          "Polly.Core": "8.4.2"
        }
      },
      "Polly.RateLimiting": {
        "type": "Transitive",
        "resolved": "8.4.2",
        "contentHash": "ehTImQ/eUyO07VYW2WvwSmU9rRH200SKJ/3jku9rOkyWE0A2JxNFmAVms8dSn49QLSjmjFRRSgfNyOgr/2PSmA==",
        "dependencies": {
          "Polly.Core": "8.4.2",
          "System.Threading.RateLimiting": "8.0.0"
        }
      },
      "Sentry": {
        "type": "Transitive",
        "resolved": "6.3.0",
        "contentHash": "PwcF5yIzcKuhd/3BOxU3QHJA5/xYiuSNSaSpXi2kR3x7ONKel73xi49GfYvRg4mbMN1gRjxduqxQL6iRNNWqBA=="
      },
      "Serilog": {
        "type": "Transitive",
        "resolved": "4.2.0",
        "contentHash": "gmoWVOvKgbME8TYR+gwMf7osROiWAURterc6Rt2dQyX7wtjZYpqFiA/pY6ztjGQKKV62GGCyOcmtP1UKMHgSmA=="
      },
      "System.ClientModel": {
        "type": "Transitive",
        "resolved": "1.9.0",
        "contentHash": "1wdwKtMMMEFEYsxJmtrOd3G+7zVOVO3MlVZAsbKv9H0PnIx6J27fYAarMn0eQS0vKJPQL018DOb7YRK1O97p0A==",
        "dependencies": {
          "Microsoft.Extensions.Configuration.Abstractions": "10.0.2",
          "Microsoft.Extensions.Hosting.Abstractions": "10.0.2",
          "Microsoft.Extensions.Logging.Abstractions": "10.0.2",
          "System.Memory.Data": "10.0.1"
        }
      },
      "System.CodeDom": {
        "type": "Transitive",
        "resolved": "7.0.0",
        "contentHash": "GLltyqEsE5/3IE+zYRP5sNa1l44qKl9v+bfdMcwg+M9qnQf47wK3H0SUR/T+3N4JEQXF3vV4CSuuo0rsg+nq2A=="
      },
      "System.Diagnostics.DiagnosticSource": {
        "type": "Transitive",
        "resolved": "10.0.6",
        "contentHash": "v/YvmOpq+lv50oxxIDSvZlgiFD2m38DogHTE4MToMEGf6HtgBAmy8gB7Oq0C2pBt+6/bLvUnzLxubWFcvfzTsQ=="
      },
      "System.Drawing.Common": {
        "type": "Transitive",
        "resolved": "5.0.3",
        "contentHash": "rEQZuslijqdsO0pkJn7LtGBaMc//YVA8de0meGihkg9oLPaN+w+/Pb5d71lgp0YjPoKgBKNMvdq0IPnoW4PEng==",
        "dependencies": {
          "Microsoft.Win32.SystemEvents": "5.0.0"
        }
      },
      "System.IO.Pipelines": {
        "type": "Transitive",
        "resolved": "10.0.6",
        "contentHash": "98dV8iAMdOzlB7iZ8OOJ3Wj/LNMV+x2c0DCM4EyFEz/kEVmB1+49HwnocY703amF2BguoZZXk4t3lPSfbcHOgA=="
      },
      "System.Management": {
        "type": "Transitive",
        "resolved": "7.0.2",
        "contentHash": "/qEUN91mP/MUQmJnM5y5BdT7ZoPuVrtxnFlbJ8a3kBJGhe2wCzBfnPFtK2wTtEEcf3DMGR9J00GZZfg6HRI6yA==",
        "dependencies": {
          "System.CodeDom": "7.0.0"
        }
      },
      "System.Memory.Data": {
        "type": "Transitive",
        "resolved": "10.0.1",
        "contentHash": "BZC4mhdL569AXV56ep9YO6ShjhxFXGP7SwVX0Bc/e0dJPWnS6aBEXZJXqh64RVx8HquqWHkJUINBydLRQ1yq0g==",
        "dependencies": {
          "System.Text.Json": "10.0.1"
        }
      },
      "System.Net.ServerSentEvents": {
        "type": "Transitive",
        "resolved": "10.0.5",
        "contentHash": "UoULUVbDR5hoCPiC5j+DPPKS3sWQ72DFTrQ5yw+wCxLUO9tsJ9mfGRnnPo5rG8gsROgH5t6rCnTtp7GN3bSGmw=="
      },
      "System.Numerics.Tensors": {
        "type": "Transitive",
        "resolved": "10.0.6",
        "contentHash": "DOZ8Z8CxHVWU8gSo4ZQ8sCAPIQb+agp56ISuMiu39WWZiV+reZwn9NM1tj4lRDfqLaOAinF6zTi0csmFBQes9Q=="
      },
      "System.Numerics.Vectors": {
        "type": "Transitive",
        "resolved": "4.5.0",
        "contentHash": "QQTlPTl06J/iiDbJCiepZ4H//BVraReU4O4EoRw1U02H5TLUIT7xn3GnDp9AXPSlJUDyFs4uWjWafNX6WrAojQ=="
      },
      "System.Text.Encodings.Web": {
        "type": "Transitive",
        "resolved": "10.0.6",
        "contentHash": "o7zWD39jHesxpHyMSWAf+CjM+NaEIV49IJ8tasAsnaVkRcLP33+5aobgxeKLJRLQQfeciO7BbW5vXCUMzPoU6w=="
      },
      "System.Text.Json": {
        "type": "Transitive",
        "resolved": "10.0.6",
        "contentHash": "eU/JSsGWpQPE+rkBJjFjsmtaPsu1kCLqFYeW3NS715+z/dP2/BsCl6R7BFGcjhg+rm5WHblllC3p7QS+sS3HtA==",
        "dependencies": {
          "System.IO.Pipelines": "10.0.6",
          "System.Text.Encodings.Web": "10.0.6"
        }
      },
      "System.Threading.Channels": {
        "type": "Transitive",
        "resolved": "10.0.6",
        "contentHash": "ZmJYpHDfHoYnnVs+FUklz+PrK1PmEA8AX4U/X/ai6+enPhPY1z+H0HC8TUR7VDrx/WO97O5aEbW6YenmYTo+GA=="
      },
      "System.Threading.RateLimiting": {
        "type": "Transitive",
        "resolved": "8.0.0",
        "contentHash": "7mu9v0QDv66ar3DpGSZHg9NuNcxDaaAcnMULuZlaTpP9+hwXhrxNGsF5GmLkSHxFdb5bBc1TzeujsRgTrPWi+Q=="
      },
      "System.Threading.Tasks.Extensions": {
        "type": "Transitive",
        "resolved": "4.5.4",
        "contentHash": "zteT+G8xuGu6mS+mzDzYXbzS7rd3K6Fjb9RiZlYlJPam2/hU7JCBZBVEcywNuR+oZ1ncTvc/cq0faRr3P01OVg=="
      }
    }
  }
}